
Microsoft Visual Studio Solution File, Format Version 12.00
# Visual Studio Version 16
VisualStudioVersion = 16.0.29728.190
MinimumVisualStudioVersion = 10.0.40219.1
Project("{FAE04EC0-301F-11D3-BF4B-00C04F79EFBC}") = "Laba6", "Laba6\Laba6.csproj", "{A62959F2-470B-4259-9D43-2E802AC485D5}"
EndProject
Global
	GlobalSection(SolutionConfigurationPlatforms) = preSolution
		Debug|Any CPU = Debug|Any CPU
		Release|Any CPU = Release|Any CPU
	EndGlobalSection
	GlobalSection(ProjectConfigurationPlatforms) = postSolution
		{A62959F2-470B-4259-9D43-2E802AC485D5}.Debug|Any CPU.ActiveCfg = Debug|Any CPU
		{A62959F2-470B-4259-9D43-2E802AC485D5}.Debug|Any CPU.Build.0 = Debug|Any CPU
		{A62959F2-470B-4259-9D43-2E802AC485D5}.Release|Any CPU.ActiveCfg = Release|Any CPU
		{A62959F2-470B-4259-9D43-2E802AC485D5}.Release|Any CPU.Build.0 = Release|Any CPU
	EndGlobalSection
	GlobalSection(SolutionProperties) = preSolution
		HideSolutionNode = FALSE
	EndGlobalSection
	GlobalSection(ExtensibilityGlobals) = postSolution
		SolutionGuid = {2ADDA78D-783C-4441-AF1A-C047560B5C4B}
	EndGlobalSection
EndGlobal
